
Microsoft Visual Studio Solution File, Format Version 12.00
# Visual Studio Version 17
VisualStudioVersion = 17.12.35728.132
MinimumVisualStudioVersion = 10.0.40219.1
Project("{8BC9CEB8-8B4A-11D0-8D11-00A0C91BC942}") = "Server", "Server\Server.vcxproj", "{AD5F8FAB-CA49-4E18-A8FF-A35A68B7D688}"
EndProject
Project("{8BC9CEB8-8B4A-11D0-8D11-00A0C91BC942}") = "Client", "Client\Client.vcxproj", "{AE32BF94-65BF-44AC-8370-862CC1F109FA}"
EndProject
Project("{8BC9CEB8-8B4A-11D0-8D11-00A0C91BC942}") = "Shared", "Shared\Shared.vcxitems", "{4A4F05B0-5AF2-4996-98B6-2BB93BD5AB40}"
EndProject
Project("{8BC9CEB8-8B4A-11D0-8D11-00A0C91BC942}") = "ClientWinSock", "ClientWinSock\ClientWinSock.vcxproj", "{649000BD-4FDD-4B6F-ADF9-2AE0500E8F5C}"
EndProject
Project("{8BC9CEB8-8B4A-11D0-8D11-00A0C91BC942}") = "ServerWinSock", "ServerWinSock\ServerWinSock.vcxproj", "{4CAE3244-6592-4AD3-96C3-585772DCA3F2}"
EndProject
Project("{8BC9CEB8-8B4A-11D0-8D11-00A0C91BC942}") = "SharedWinSock", "SharedWinSock\SharedWinSock.vcxitems", "{75547D6C-C296-4DCD-8C80-D85EE81523C3}"
EndProject
Project("{8BC9CEB8-8B4A-11D0-8D11-00A0C91BC942}") = "SharedGeneral", "SharedGeneral\SharedGeneral.vcxitems", "{883FD523-C950-4361-800C-3027A51FEE04}"
EndProject
Global
	GlobalSection(SolutionConfigurationPlatforms) = preSolution
		Debug|x64 = Debug|x64
		Debug|x86 = Debug|x86
		Release|x64 = Release|x64
		Release|x86 = Release|x86
	EndGlobalSection
	GlobalSection(ProjectConfigurationPlatforms) = postSolution
		{AD5F8FAB-CA49-4E18-A8FF-A35A68B7D688}.Debug|x64.ActiveCfg = Debug|x64
		{AD5F8FAB-CA49-4E18-A8FF-A35A68B7D688}.Debug|x64.Build.0 = Debug|x64
		{AD5F8FAB-CA49-4E18-A8FF-A35A68B7D688}.Debug|x86.ActiveCfg = Debug|Win32
		{AD5F8FAB-CA49-4E18-A8FF-A35A68B7D688}.Debug|x86.Build.0 = Debug|Win32
		{AD5F8FAB-CA49-4E18-A8FF-A35A68B7D688}.Release|x64.ActiveCfg = Release|x64
		{AD5F8FAB-CA49-4E18-A8FF-A35A68B7D688}.Release|x64.Build.0 = Release|x64
		{AD5F8FAB-CA49-4E18-A8FF-A35A68B7D688}.Release|x86.ActiveCfg = Release|Win32
		{AD5F8FAB-CA49-4E18-A8FF-A35A68B7D688}.Release|x86.Build.0 = Release|Win32
		{AE32BF94-65BF-44AC-8370-862CC1F109FA}.Debug|x64.ActiveCfg = Debug|x64
		{AE32BF94-65BF-44AC-8370-862CC1F109FA}.Debug|x64.Build.0 = Debug|x64
		{AE32BF94-65BF-44AC-8370-862CC1F109FA}.Debug|x86.ActiveCfg = Debug|Win32
		{AE32BF94-65BF-44AC-8370-862CC1F109FA}.Debug|x86.Build.0 = Debug|Win32
		{AE32BF94-65BF-44AC-8370-862CC1F109FA}.Release|x64.ActiveCfg = Release|x64
		{AE32BF94-65BF-44AC-8370-862CC1F109FA}.Release|x64.Build.0 = Release|x64
		{AE32BF94-65BF-44AC-8370-862CC1F109FA}.Release|x86.ActiveCfg = Release|Win32
		{AE32BF94-65BF-44AC-8370-862CC1F109FA}.Release|x86.Build.0 = Release|Win32
		{649000BD-4FDD-4B6F-ADF9-2AE0500E8F5C}.Debug|x64.ActiveCfg = Debug|x64
		{649000BD-4FDD-4B6F-ADF9-2AE0500E8F5C}.Debug|x64.Build.0 = Debug|x64
		{649000BD-4FDD-4B6F-ADF9-2AE0500E8F5C}.Debug|x86.ActiveCfg = Debug|Win32
		{649000BD-4FDD-4B6F-ADF9-2AE0500E8F5C}.Debug|x86.Build.0 = Debug|Win32
		{649000BD-4FDD-4B6F-ADF9-2AE0500E8F5C}.Release|x64.ActiveCfg = Release|x64
		{649000BD-4FDD-4B6F-ADF9-2AE0500E8F5C}.Release|x64.Build.0 = Release|x64
		{649000BD-4FDD-4B6F-ADF9-2AE0500E8F5C}.Release|x86.ActiveCfg = Release|Win32
		{649000BD-4FDD-4B6F-ADF9-2AE0500E8F5C}.Release|x86.Build.0 = Release|Win32
		{4CAE3244-6592-4AD3-96C3-585772DCA3F2}.Debug|x64.ActiveCfg = Debug|x64
		{4CAE3244-6592-4AD3-96C3-585772DCA3F2}.Debug|x64.Build.0 = Debug|x64
		{4CAE3244-6592-4AD3-96C3-585772DCA3F2}.Debug|x86.ActiveCfg = Debug|Win32
		{4CAE3244-6592-4AD3-96C3-585772DCA3F2}.Debug|x86.Build.0 = Debug|Win32
		{4CAE3244-6592-4AD3-96C3-585772DCA3F2}.Release|x64.ActiveCfg = Release|x64
		{4CAE3244-6592-4AD3-96C3-585772DCA3F2}.Release|x64.Build.0 = Release|x64
		{4CAE3244-6592-4AD3-96C3-585772DCA3F2}.Release|x86.ActiveCfg = Release|Win32
		{4CAE3244-6592-4AD3-96C3-585772DCA3F2}.Release|x86.Build.0 = Release|Win32
	EndGlobalSection
	GlobalSection(SolutionProperties) = preSolution
		HideSolutionNode = FALSE
	EndGlobalSection
	GlobalSection(ExtensibilityGlobals) = postSolution
		SolutionGuid = {30AA02A4-36E9-47FD-9C75-C34976843160}
	EndGlobalSection
	GlobalSection(SharedMSBuildProjectFiles) = preSolution
		Shared\Shared.vcxitems*{4a4f05b0-5af2-4996-98b6-2bb93bd5ab40}*SharedItemsImports = 9
		SharedGeneral\SharedGeneral.vcxitems*{4cae3244-6592-4ad3-96c3-585772dca3f2}*SharedItemsImports = 4
		SharedWinSock\SharedWinSock.vcxitems*{4cae3244-6592-4ad3-96c3-585772dca3f2}*SharedItemsImports = 4
		SharedGeneral\SharedGeneral.vcxitems*{649000bd-4fdd-4b6f-adf9-2ae0500e8f5c}*SharedItemsImports = 4
		SharedWinSock\SharedWinSock.vcxitems*{649000bd-4fdd-4b6f-adf9-2ae0500e8f5c}*SharedItemsImports = 4
		SharedWinSock\SharedWinSock.vcxitems*{75547d6c-c296-4dcd-8c80-d85ee81523c3}*SharedItemsImports = 9
		SharedGeneral\SharedGeneral.vcxitems*{883fd523-c950-4361-800c-3027a51fee04}*SharedItemsImports = 9
		SharedGeneral\SharedGeneral.vcxitems*{ad5f8fab-ca49-4e18-a8ff-a35a68b7d688}*SharedItemsImports = 4
		SharedWinSock\SharedWinSock.vcxitems*{ad5f8fab-ca49-4e18-a8ff-a35a68b7d688}*SharedItemsImports = 4
		Shared\Shared.vcxitems*{ad5f8fab-ca49-4e18-a8ff-a35a68b7d688}*SharedItemsImports = 4
		SharedGeneral\SharedGeneral.vcxitems*{ae32bf94-65bf-44ac-8370-862cc1f109fa}*SharedItemsImports = 4
		SharedWinSock\SharedWinSock.vcxitems*{ae32bf94-65bf-44ac-8370-862cc1f109fa}*SharedItemsImports = 4
		Shared\Shared.vcxitems*{ae32bf94-65bf-44ac-8370-862cc1f109fa}*SharedItemsImports = 4
	EndGlobalSection
EndGlobal
